
Microsoft Visual Studio Solution File, Format Version 12.00
# Visual Studio 14
VisualStudioVersion = 14.0.25123.0
MinimumVisualStudioVersion = 10.0.40219.1
Project("{CC5FD16D-436D-48AD-A40C-5A424C6E3E79}") = "MultiTierApp", "MultiTierApp\MultiTierApp.ccproj", "{8054CAEA-58DF-470E-965D-A9264AACEA03}"
EndProject
Project("{FAE04EC0-301F-11D3-BF4B-00C04F79EFBC}") = "FrontendWebRole", "FrontendWebRole\FrontendWebRole.csproj", "{CC4D3FE7-4CCC-4849-BCDD-F79A4B57CF96}"
EndProject
Global
	GlobalSection(SolutionConfigurationPlatforms) = preSolution
		Debug|Any CPU = Debug|Any CPU
		Release|Any CPU = Release|Any CPU
	EndGlobalSection
	GlobalSection(ProjectConfigurationPlatforms) = postSolution
		{8054CAEA-58DF-470E-965D-A9264AACEA03}.Debug|Any CPU.ActiveCfg = Debug|Any CPU
		{8054CAEA-58DF-470E-965D-A9264AACEA03}.Debug|Any CPU.Build.0 = Debug|Any CPU
		{8054CAEA-58DF-470E-965D-A9264AACEA03}.Release|Any CPU.ActiveCfg = Release|Any CPU
		{8054CAEA-58DF-470E-965D-A9264AACEA03}.Release|Any CPU.Build.0 = Release|Any CPU
		{CC4D3FE7-4CCC-4849-BCDD-F79A4B57CF96}.Debug|Any CPU.ActiveCfg = Debug|Any CPU
		{CC4D3FE7-4CCC-4849-BCDD-F79A4B57CF96}.Debug|Any CPU.Build.0 = Debug|Any CPU
		{CC4D3FE7-4CCC-4849-BCDD-F79A4B57CF96}.Release|Any CPU.ActiveCfg = Release|Any CPU
		{CC4D3FE7-4CCC-4849-BCDD-F79A4B57CF96}.Release|Any CPU.Build.0 = Release|Any CPU
	EndGlobalSection
	GlobalSection(SolutionProperties) = preSolution
		HideSolutionNode = FALSE
	EndGlobalSection
EndGlobal
